version = 1
revision = 3
requires-python = ">=3.13"
resolution-markers = [
    "python_full_version >= '3.14'",
    "python_full_version < '3.14'",
]

[[package]]
name = "analyse-workflow"
version = "0.1.0"
source = { virtual = "." }

[package.dev-dependencies]
dev = [
    { name = "workers-runtime-sdk" },
]

[package.metadata]

[package.metadata.requires-dev]
dev = [{ name = "workers-runtime-sdk" }]

[[package]]
name = "workers-runtime-sdk"
version = "1.6.8"
source = { registry = "https://pypi.org/simple" }
sdist = { url = "https://files.pythonhosted.org/packages/70/3e/056736ab98de5173b69b4c4b5b84eb5ea152637e61e954f6a39055ebc411/workers_runtime_sdk-1.6.8.tar.gz", hash = "sha256:6222ad7cac8956e715f3bfb05ab9064dc24c38744fac63aa422687d80fb2fc81", size = 113417, upload-time = "2026-08-05T03:45:39.095Z" }
wheels = [
    { url = "https://files.pythonhosted.org/packages/53/95/624301551cf2aeaf79c6764306b363261e7dff35c5678e621bd15cd6b3d1/workers_runtime_sdk-1.6.8-py3-none-any.whl", hash = "sha256:42312d9cdd8e97626ba15d4e513edd43fe781f45cf4e68bd2d5d628eb88de8c5", size = 32787, upload-time = "2026-08-05T03:45:38.084Z" },
]
